
Microsoft Visual Studio Solution File, Format Version 12.00
# Visual Studio 15
VisualStudioVersion = 15.0.27130.2020
MinimumVisualStudioVersion = 10.0.40219.1
Project("{9A19103F-16F7-4668-BE54-9A1E7A4F7556}") = "FamilyHub.Data", "FamilyHub.Data\FamilyHub.Data.csproj", "{CBF57B6D-0A07-4CA8-8A3D-DCC17D9AEED5}"
EndProject
Project("{9A19103F-16F7-4668-BE54-9A1E7A4F7556}") = "FamilyHub.DataAccess.EFCore", "FamilyHub.EFCore\FamilyHub.DataAccess.EFCore.csproj", "{C298249F-4321-4F80-8EF9-7D3F75CA16FD}"
EndProject
Project("{9A19103F-16F7-4668-BE54-9A1E7A4F7556}") = "FamilyHub.Service", "FamilyHub.Service\FamilyHub.Service.csproj", "{162028A7-1B38-49ED-8DC0-7D2C142EA271}"
EndProject
Project("{9A19103F-16F7-4668-BE54-9A1E7A4F7556}") = "FamilyHub.API", "FamilyHub.API\FamilyHub.API.csproj", "{A1B86CF5-D9E2-48ED-9847-BB37CA3187D1}"
EndProject
Project("{9A19103F-16F7-4668-BE54-9A1E7A4F7556}") = "FamilyHub.Repository", "FamilyHub.Repository\FamilyHub.Repository.csproj", "{632C5574-92B1-412D-877C-1FE04126FB81}"
EndProject
Project("{9A19103F-16F7-4668-BE54-9A1E7A4F7556}") = "FamilyHub.AuthService", "FamilyHub.Auth\FamilyHub.AuthService.csproj", "{B5AE6C32-ACD6-49DC-9936-C57FE81F288C}"
EndProject
Project("{FAE04EC0-301F-11D3-BF4B-00C04F79EFBC}") = "FamilyHub.ViewModel", "FamilyHub.ViewModel\FamilyHub.ViewModel.csproj", "{3062CAA6-46D5-461D-9B2F-B5529DC5A3A6}"
EndProject
Project("{FAE04EC0-301F-11D3-BF4B-00C04F79EFBC}") = "FamilyHub.EFCoreUnitTest", "FamilyHub.EFCoreUnitTest\FamilyHub.EFCoreUnitTest.csproj", "{BCD5CE60-D464-40E5-B01A-67997AD15A4D}"
EndProject
Global
	GlobalSection(SolutionConfigurationPlatforms) = preSolution
		Debug|Any CPU = Debug|Any CPU
		Release|Any CPU = Release|Any CPU
	EndGlobalSection
	GlobalSection(ProjectConfigurationPlatforms) = postSolution
		{CBF57B6D-0A07-4CA8-8A3D-DCC17D9AEED5}.Debug|Any CPU.ActiveCfg = Debug|Any CPU
		{CBF57B6D-0A07-4CA8-8A3D-DCC17D9AEED5}.Debug|Any CPU.Build.0 = Debug|Any CPU
		{CBF57B6D-0A07-4CA8-8A3D-DCC17D9AEED5}.Release|Any CPU.ActiveCfg = Release|Any CPU
		{CBF57B6D-0A07-4CA8-8A3D-DCC17D9AEED5}.Release|Any CPU.Build.0 = Release|Any CPU
		{C298249F-4321-4F80-8EF9-7D3F75CA16FD}.Debug|Any CPU.ActiveCfg = Debug|Any CPU
		{C298249F-4321-4F80-8EF9-7D3F75CA16FD}.Debug|Any CPU.Build.0 = Debug|Any CPU
		{C298249F-4321-4F80-8EF9-7D3F75CA16FD}.Release|Any CPU.ActiveCfg = Release|Any CPU
		{C298249F-4321-4F80-8EF9-7D3F75CA16FD}.Release|Any CPU.Build.0 = Release|Any CPU
		{162028A7-1B38-49ED-8DC0-7D2C142EA271}.Debug|Any CPU.ActiveCfg = Debug|Any CPU
		{162028A7-1B38-49ED-8DC0-7D2C142EA271}.Debug|Any CPU.Build.0 = Debug|Any CPU
		{162028A7-1B38-49ED-8DC0-7D2C142EA271}.Release|Any CPU.ActiveCfg = Release|Any CPU
		{162028A7-1B38-49ED-8DC0-7D2C142EA271}.Release|Any CPU.Build.0 = Release|Any CPU
		{A1B86CF5-D9E2-48ED-9847-BB37CA3187D1}.Debug|Any CPU.ActiveCfg = Debug|Any CPU
		{A1B86CF5-D9E2-48ED-9847-BB37CA3187D1}.Debug|Any CPU.Build.0 = Debug|Any CPU
		{A1B86CF5-D9E2-48ED-9847-BB37CA3187D1}.Release|Any CPU.ActiveCfg = Release|Any CPU
		{A1B86CF5-D9E2-48ED-9847-BB37CA3187D1}.Release|Any CPU.Build.0 = Release|Any CPU
		{632C5574-92B1-412D-877C-1FE04126FB81}.Debug|Any CPU.ActiveCfg = Debug|Any CPU
		{632C5574-92B1-412D-877C-1FE04126FB81}.Debug|Any CPU.Build.0 = Debug|Any CPU
		{632C5574-92B1-412D-877C-1FE04126FB81}.Release|Any CPU.ActiveCfg = Release|Any CPU
		{632C5574-92B1-412D-877C-1FE04126FB81}.Release|Any CPU.Build.0 = Release|Any CPU
		{B5AE6C32-ACD6-49DC-9936-C57FE81F288C}.Debug|Any CPU.ActiveCfg = Debug|Any CPU
		{B5AE6C32-ACD6-49DC-9936-C57FE81F288C}.Debug|Any CPU.Build.0 = Debug|Any CPU
		{B5AE6C32-ACD6-49DC-9936-C57FE81F288C}.Release|Any CPU.ActiveCfg = Release|Any CPU
		{B5AE6C32-ACD6-49DC-9936-C57FE81F288C}.Release|Any CPU.Build.0 = Release|Any CPU
		{3062CAA6-46D5-461D-9B2F-B5529DC5A3A6}.Debug|Any CPU.ActiveCfg = Debug|Any CPU
		{3062CAA6-46D5-461D-9B2F-B5529DC5A3A6}.Debug|Any CPU.Build.0 = Debug|Any CPU
		{3062CAA6-46D5-461D-9B2F-B5529DC5A3A6}.Release|Any CPU.ActiveCfg = Release|Any CPU
		{3062CAA6-46D5-461D-9B2F-B5529DC5A3A6}.Release|Any CPU.Build.0 = Release|Any CPU
		{BCD5CE60-D464-40E5-B01A-67997AD15A4D}.Debug|Any CPU.ActiveCfg = Debug|Any CPU
		{BCD5CE60-D464-40E5-B01A-67997AD15A4D}.Debug|Any CPU.Build.0 = Debug|Any CPU
		{BCD5CE60-D464-40E5-B01A-67997AD15A4D}.Release|Any CPU.ActiveCfg = Release|Any CPU
		{BCD5CE60-D464-40E5-B01A-67997AD15A4D}.Release|Any CPU.Build.0 = Release|Any CPU
	EndGlobalSection
	GlobalSection(SolutionProperties) = preSolution
		HideSolutionNode = FALSE
	EndGlobalSection
	GlobalSection(ExtensibilityGlobals) = postSolution
		SolutionGuid = {70C22E24-21CC-4957-ACC7-A33896000ACF}
	EndGlobalSection
EndGlobal
